// !$*UTF8*$!
{
	archiveVersion = 1;
	classes = {
	};
	objectVersion = 56;
	objects = {

/* Begin PBXBuildFile section */
		DE24501A29F031B60022CCCE /* GameViewModel.swift in Sources */ = {isa = PBXBuildFile; fileRef = DE24501929F031B50022CCCE /* GameViewModel.swift */; };
		DE24647729F00787002DD4C6 /* GameModel.swift in Sources */ = {isa = PBXBuildFile; fileRef = DE24647629F00787002DD4C6 /* GameModel.swift */; };
		DE43749F29FB506D00935DC4 /* Sounds in Resources */ = {isa = PBXBuildFile; fileRef = DE43749E29FB506D00935DC4 /* Sounds */; };
		DE4374A429FB527400935DC4 /* blue.mp3 in Resources */ = {isa = PBXBuildFile; fileRef = DE4374A029FB527400935DC4 /* blue.mp3 */; };
		DE4374A529FB527400935DC4 /* red.mp3 in Resources */ = {isa = PBXBuildFile; fileRef = DE4374A129FB527400935DC4 /* red.mp3 */; };
		DE4374A629FB527400935DC4 /* yellow.mp3 in Resources */ = {isa = PBXBuildFile; fileRef = DE4374A229FB527400935DC4 /* yellow.mp3 */; };
		DE4374A729FB527400935DC4 /* green.mp3 in Resources */ = {isa = PBXBuildFile; fileRef = DE4374A329FB527400935DC4 /* green.mp3 */; };
		DEC5186229EF744A00BF7535 /* MemoSimonApp.swift in Sources */ = {isa = PBXBuildFile; fileRef = DEC5186129EF744A00BF7535 /* MemoSimonApp.swift */; };
		DEC5186429EF744B00BF7535 /* ContentView.swift in Sources */ = {isa = PBXBuildFile; fileRef = DEC5186329EF744B00BF7535 /* ContentView.swift */; };
		DEC5186629EF744B00BF7535 /* Assets.xcassets in Resources */ = {isa = PBXBuildFile; fileRef = DEC5186529EF744B00BF7535 /* Assets.xcassets */; };
		DEC5186929EF744B00BF7535 /* Preview Assets.xcassets in Resources */ = {isa = PBXBuildFile; fileRef = DEC5186829EF744B00BF7535 /* Preview Assets.xcassets */; };
		DEC5187329EF744B00BF7535 /* MemoSimonTests.swift in Sources */ = {isa = PBXBuildFile; fileRef = DEC5187229EF744B00BF7535 /* MemoSimonTests.swift */; };
		DEC5187D29EF744B00BF7535 /* MemoSimonUITests.swift in Sources */ = {isa = PBXBuildFile; fileRef = DEC5187C29EF744B00BF7535 /* MemoSimonUITests.swift */; };
		DEC5187F29EF744B00BF7535 /* MemoSimonUITestsLaunchTests.swift in Sources */ = {isa = PBXBuildFile; fileRef = DEC5187E29EF744B00BF7535 /* MemoSimonUITestsLaunchTests.swift */; };
		DEC5188D29EF74D500BF7535 /* GameView.swift in Sources */ = {isa = PBXBuildFile; fileRef = DEC5188C29EF74D500BF7535 /* GameView.swift */; };
/* End PBXBuildFile section */

/* Begin PBXContainerItemProxy section */
		DEC5186F29EF744B00BF7535 /* PBXContainerItemProxy */ = {
			isa = PBXContainerItemProxy;
			containerPortal = DEC5185629EF744A00BF7535 /* Project object */;
			proxyType = 1;
			remoteGlobalIDString = DEC5185D29EF744A00BF7535;
			remoteInfo = MemoSimon;
		};
		DEC5187929EF744B00BF7535 /* PBXContainerItemProxy */ = {
			isa = PBXContainerItemProxy;
			containerPortal = DEC5185629EF744A00BF7535 /* Project object */;
			proxyType = 1;
			remoteGlobalIDString = DEC5185D29EF744A00BF7535;
			remoteInfo = MemoSimon;
		};
/* End PBXContainerItemProxy section */

/* Begin PBXFileReference section */
		DE24501929F031B50022CCCE /* GameViewModel.swift */ = {isa = PBXFileReference; lastKnownFileType = sourcecode.swift; path = GameViewModel.swift; sourceTree = "<group>"; };
		DE24647629F00787002DD4C6 /* GameModel.swift */ = {isa = PBXFileReference; lastKnownFileType = sourcecode.swift; path = GameModel.swift; sourceTree = "<group>"; };
		DE43749E29FB506D00935DC4 /* Sounds */ = {isa = PBXFileReference; lastKnownFileType = folder; path = Sounds; sourceTree = "<group>"; };
		DE4374A029FB527400935DC4 /* blue.mp3 */ = {isa = PBXFileReference; lastKnownFileType = audio.mp3; name = blue.mp3; path = MemoSimon/Sounds/blue.mp3; sourceTree = "<group>"; };
		DE4374A129FB527400935DC4 /* red.mp3 */ = {isa = PBXFileReference; lastKnownFileType = audio.mp3; name = red.mp3; path = MemoSimon/Sounds/red.mp3; sourceTree = "<group>"; };
		DE4374A229FB527400935DC4 /* yellow.mp3 */ = {isa = PBXFileReference; lastKnownFileType = audio.mp3; name = yellow.mp3; path = MemoSimon/Sounds/yellow.mp3; sourceTree = "<group>"; };
		DE4374A329FB527400935DC4 /* green.mp3 */ = {isa = PBXFileReference; lastKnownFileType = audio.mp3; name = green.mp3; path = MemoSimon/Sounds/green.mp3; sourceTree = "<group>"; };
		DEC5185E29EF744A00BF7535 /* MemoSimon.app */ = {isa = PBXFileReference; explicitFileType = wrapper.application; includeInIndex = 0; path = MemoSimon.app; sourceTree = BUILT_PRODUCTS_DIR; };
		DEC5186129EF744A00BF7535 /* MemoSimonApp.swift */ = {isa = PBXFileReference; lastKnownFileType = sourcecode.swift; path = MemoSimonApp.swift; sourceTree = "<group>"; };
		DEC5186329EF744B00BF7535 /* ContentView.swift */ = {isa = PBXFileReference; lastKnownFileType = sourcecode.swift; path = ContentView.swift; sourceTree = "<group>"; };
		DEC5186529EF744B00BF7535 /* Assets.xcassets */ = {isa = PBXFileReference; lastKnownFileType = folder.assetcatalog; path = Assets.xcassets; sourceTree = "<group>"; };
		DEC5186829EF744B00BF7535 /* Preview Assets.xcassets */ = {isa = PBXFileReference; lastKnownFileType = folder.assetcatalog; path = "Preview Assets.xcassets"; sourceTree = "<group>"; };
		DEC5186E29EF744B00BF7535 /* MemoSimonTests.xctest */ = {isa = PBXFileReference; explicitFileType = wrapper.cfbundle; includeInIndex = 0; path = MemoSimonTests.xctest; sourceTree = BUILT_PRODUCTS_DIR; };
		DEC5187229EF744B00BF7535 /* MemoSimonTests.swift */ = {isa = PBXFileReference; lastKnownFileType = sourcecode.swift; path = MemoSimonTests.swift; sourceTree = "<group>"; };
		DEC5187829EF744B00BF7535 /* MemoSimonUITests.xctest */ = {isa = PBXFileReference; explicitFileType = wrapper.cfbundle; includeInIndex = 0; path = MemoSimonUITests.xctest; sourceTree = BUILT_PRODUCTS_DIR; };
		DEC5187C29EF744B00BF7535 /* MemoSimonUITests.swift */ = {isa = PBXFileReference; lastKnownFileType = sourcecode.swift; path = MemoSimonUITests.swift; sourceTree = "<group>"; };
		DEC5187E29EF744B00BF7535 /* MemoSimonUITestsLaunchTests.swift */ = {isa = PBXFileReference; lastKnownFileType = sourcecode.swift; path = MemoSimonUITestsLaunchTests.swift; sourceTree = "<group>"; };
		DEC5188C29EF74D500BF7535 /* GameView.swift */ = {isa = PBXFileReference; lastKnownFileType = sourcecode.swift; path = GameView.swift; sourceTree = "<group>"; };
/* End PBXFileReference section */

/* Begin PBXFrameworksBuildPhase section */
		DEC5185B29EF744A00BF7535 /* Frameworks */ = {
			isa = PBXFrameworksBuildPhase;
			buildActionMask = 2147483647;
			files = (
			);
			runOnlyForDeploymentPostprocessing = 0;
		};
		DEC5186B29EF744B00BF7535 /* Frameworks */ = {
			isa = PBXFrameworksBuildPhase;
			buildActionMask = 2147483647;
			files = (
			);
			runOnlyForDeploymentPostprocessing = 0;
		};
		DEC5187529EF744B00BF7535 /* Frameworks */ = {
			isa = PBXFrameworksBuildPhase;
			buildActionMask = 2147483647;
			files = (
			);
			runOnlyForDeploymentPostprocessing = 0;
		};
/* End PBXFrameworksBuildPhase section */

/* Begin PBXGroup section */
		DEC5185529EF744A00BF7535 = {
			isa = PBXGroup;
			children = (
				DE4374A129FB527400935DC4 /* red.mp3 */,
				DE4374A029FB527400935DC4 /* blue.mp3 */,
				DE4374A329FB527400935DC4 /* green.mp3 */,
				DE4374A229FB527400935DC4 /* yellow.mp3 */,
				DEC5186029EF744A00BF7535 /* MemoSimon */,
				DEC5187129EF744B00BF7535 /* MemoSimonTests */,
				DEC5187B29EF744B00BF7535 /* MemoSimonUITests */,
				DEC5185F29EF744A00BF7535 /* Products */,
			);
			sourceTree = "<group>";
		};
		DEC5185F29EF744A00BF7535 /* Products */ = {
			isa = PBXGroup;
			children = (
				DEC5185E29EF744A00BF7535 /* MemoSimon.app */,
				DEC5186E29EF744B00BF7535 /* MemoSimonTests.xctest */,
				DEC5187829EF744B00BF7535 /* MemoSimonUITests.xctest */,
			);
			name = Products;
			sourceTree = "<group>";
		};
		DEC5186029EF744A00BF7535 /* MemoSimon */ = {
			isa = PBXGroup;
			children = (
				DE43749E29FB506D00935DC4 /* Sounds */,
				DEC5189129EF7E3200BF7535 /* ViewModel */,
				DEC5188E29EF7A5400BF7535 /* Model */,
				DEC5188B29EF74B000BF7535 /* View */,
				DEC5186129EF744A00BF7535 /* MemoSimonApp.swift */,
				DEC5186329EF744B00BF7535 /* ContentView.swift */,
				DEC5186529EF744B00BF7535 /* Assets.xcassets */,
				DEC5186729EF744B00BF7535 /* Preview Content */,
			);
			path = MemoSimon;
			sourceTree = "<group>";
		};
		DEC5186729EF744B00BF7535 /* Preview Content */ = {
			isa = PBXGroup;
			children = (
				DEC5186829EF744B00BF7535 /* Preview Assets.xcassets */,
			);
			path = "Preview Content";
			sourceTree = "<group>";
		};
		DEC5187129EF744B00BF7535 /* MemoSimonTests */ = {
			isa = PBXGroup;
			children = (
				DEC5187229EF744B00BF7535 /* MemoSimonTests.swift */,
			);
			path = MemoSimonTests;
			sourceTree = "<group>";
		};
		DEC5187B29EF744B00BF7535 /* MemoSimonUITests */ = {
			isa = PBXGroup;
			children = (
				DEC5187C29EF744B00BF7535 /* MemoSimonUITests.swift */,
				DEC5187E29EF744B00BF7535 /* MemoSimonUITestsLaunchTests.swift */,
			);
			path = MemoSimonUITests;
			sourceTree = "<group>";
		};
		DEC5188B29EF74B000BF7535 /* View */ = {
			isa = PBXGroup;
			children = (
				DEC5188C29EF74D500BF7535 /* GameView.swift */,
			);
			path = View;
			sourceTree = "<group>";
		};
		DEC5188E29EF7A5400BF7535 /* Model */ = {
			isa = PBXGroup;
			children = (
				DE24647629F00787002DD4C6 /* GameModel.swift */,
			);
			path = Model;
			sourceTree = "<group>";
		};
		DEC5189129EF7E3200BF7535 /* ViewModel */ = {
			isa = PBXGroup;
			children = (
				DE24501929F031B50022CCCE /* GameViewModel.swift */,
			);
			path = ViewModel;
			sourceTree = "<group>";
		};
/* End PBXGroup section */

/* Begin PBXNativeTarget section */
		DEC5185D29EF744A00BF7535 /* MemoSimon */ = {
			isa = PBXNativeTarget;
			buildConfigurationList = DEC5188229EF744B00BF7535 /* Build configuration list for PBXNativeTarget "MemoSimon" */;
			buildPhases = (
				DEC5185A29EF744A00BF7535 /* Sources */,
				DEC5185B29EF744A00BF7535 /* Frameworks */,
				DEC5185C29EF744A00BF7535 /* Resources */,
			);
			buildRules = (
			);
			dependencies = (
			);
			name = MemoSimon;
			productName = MemoSimon;
			productReference = DEC5185E29EF744A00BF7535 /* MemoSimon.app */;
			productType = "com.apple.product-type.application";
		};
		DEC5186D29EF744B00BF7535 /* MemoSimonTests */ = {
			isa = PBXNativeTarget;
			buildConfigurationList = DEC5188529EF744B00BF7535 /* Build configuration list for PBXNativeTarget "MemoSimonTests" */;
			buildPhases = (
				DEC5186A29EF744B00BF7535 /* Sources */,
				DEC5186B29EF744B00BF7535 /* Frameworks */,
				DEC5186C29EF744B00BF7535 /* Resources */,
			);
			buildRules = (
			);
			dependencies = (
				DEC5187029EF744B00BF7535 /* PBXTargetDependency */,
			);
			name = MemoSimonTests;
			productName = MemoSimonTests;
			productReference = DEC5186E29EF744B00BF7535 /* MemoSimonTests.xctest */;
			productType = "com.apple.product-type.bundle.unit-test";
		};
		DEC5187729EF744B00BF7535 /* MemoSimonUITests */ = {
			isa = PBXNativeTarget;
			buildConfigurationList = DEC5188829EF744B00BF7535 /* Build configuration list for PBXNativeTarget "MemoSimonUITests" */;
			buildPhases = (
				DEC5187429EF744B00BF7535 /* Sources */,
				DEC5187529EF744B00BF7535 /* Frameworks */,
				DEC5187629EF744B00BF7535 /* Resources */,
			);
			buildRules = (
			);
			dependencies = (
				DEC5187A29EF744B00BF7535 /* PBXTargetDependency */,
			);
			name = MemoSimonUITests;
			productName = MemoSimonUITests;
			productReference = DEC5187829EF744B00BF7535 /* MemoSimonUITests.xctest */;
			productType = "com.apple.product-type.bundle.ui-testing";
		};
/* End PBXNativeTarget section */

/* Begin PBXProject section */
		DEC5185629EF744A00BF7535 /* Project object */ = {
			isa = PBXProject;
			attributes = {
				BuildIndependentTargetsInParallel = 1;
				LastSwiftUpdateCheck = 1420;
				LastUpgradeCheck = 1420;
				TargetAttributes = {
					DEC5185D29EF744A00BF7535 = {
						CreatedOnToolsVersion = 14.2;
					};
					DEC5186D29EF744B00BF7535 = {
						CreatedOnToolsVersion = 14.2;
						TestTargetID = DEC5185D29EF744A00BF7535;
					};
					DEC5187729EF744B00BF7535 = {
						CreatedOnToolsVersion = 14.2;
						TestTargetID = DEC5185D29EF744A00BF7535;
					};
				};
			};
			buildConfigurationList = DEC5185929EF744A00BF7535 /* Build configuration list for PBXProject "MemoSimon" */;
			compatibilityVersion = "Xcode 14.0";
			developmentRegion = en;
			hasScannedForEncodings = 0;
			knownRegions = (
				en,
				Base,
			);
			mainGroup = DEC5185529EF744A00BF7535;
			productRefGroup = DEC5185F29EF744A00BF7535 /* Products */;
			projectDirPath = "";
			projectRoot = "";
			targets = (
				DEC5185D29EF744A00BF7535 /* MemoSimon */,
				DEC5186D29EF744B00BF7535 /* MemoSimonTests */,
				DEC5187729EF744B00BF7535 /* MemoSimonUITests */,
			);
		};
/* End PBXProject section */

/* Begin PBXResourcesBuildPhase section */
		DEC5185C29EF744A00BF7535 /* Resources */ = {
			isa = PBXResourcesBuildPhase;
			buildActionMask = 2147483647;
			files = (
				DE4374A429FB527400935DC4 /* blue.mp3 in Resources */,
				DE4374A529FB527400935DC4 /* red.mp3 in Resources */,
				DE4374A629FB527400935DC4 /* yellow.mp3 in Resources */,
				DE4374A729FB527400935DC4 /* green.mp3 in Resources */,
				DE43749F29FB506D00935DC4 /* Sounds in Resources */,
				DEC5186929EF744B00BF7535 /* Preview Assets.xcassets in Resources */,
				DEC5186629EF744B00BF7535 /* Assets.xcassets in Resources */,
			);
			runOnlyForDeploymentPostprocessing = 0;
		};
		DEC5186C29EF744B00BF7535 /* Resources */ = {
			isa = PBXResourcesBuildPhase;
			buildActionMask = 2147483647;
			files = (
			);
			runOnlyForDeploymentPostprocessing = 0;
		};
		DEC5187629EF744B00BF7535 /* Resources */ = {
			isa = PBXResourcesBuildPhase;
			buildActionMask = 2147483647;
			files = (
			);
			runOnlyForDeploymentPostprocessing = 0;
		};
/* End PBXResourcesBuildPhase section */

/* Begin PBXSourcesBuildPhase section */
		DEC5185A29EF744A00BF7535 /* Sources */ = {
			isa = PBXSourcesBuildPhase;
			buildActionMask = 2147483647;
			files = (
				DEC5186429EF744B00BF7535 /* ContentView.swift in Sources */,
				DE24647729F00787002DD4C6 /* GameModel.swift in Sources */,
				DEC5188D29EF74D500BF7535 /* GameView.swift in Sources */,
				DE24501A29F031B60022CCCE /* GameViewModel.swift in Sources */,
				DEC5186229EF744A00BF7535 /* MemoSimonApp.swift in Sources */,
			);
			runOnlyForDeploymentPostprocessing = 0;
		};
		DEC5186A29EF744B00BF7535 /* Sources */ = {
			isa = PBXSourcesBuildPhase;
			buildActionMask = 2147483647;
			files = (
				DEC5187329EF744B00BF7535 /* MemoSimonTests.swift in Sources */,
			);
			runOnlyForDeploymentPostprocessing = 0;
		};
		DEC5187429EF744B00BF7535 /* Sources */ = {
			isa = PBXSourcesBuildPhase;
			buildActionMask = 2147483647;
			files = (
				DEC5187D29EF744B00BF7535 /* MemoSimonUITests.swift in Sources */,
				DEC5187F29EF744B00BF7535 /* MemoSimonUITestsLaunchTests.swift in Sources */,
			);
			runOnlyForDeploymentPostprocessing = 0;
		};
/* End PBXSourcesBuildPhase section */

/* Begin PBXTargetDependency section */
		DEC5187029EF744B00BF7535 /* PBXTargetDependency */ = {
			isa = PBXTargetDependency;
			target = DEC5185D29EF744A00BF7535 /* MemoSimon */;
			targetProxy = DEC5186F29EF744B00BF7535 /* PBXContainerItemProxy */;
		};
		DEC5187A29EF744B00BF7535 /* PBXTargetDependency */ = {
			isa = PBXTargetDependency;
			target = DEC5185D29EF744A00BF7535 /* MemoSimon */;
			targetProxy = DEC5187929EF744B00BF7535 /* PBXContainerItemProxy */;
		};
/* End PBXTargetDependency section */

/* Begin XCBuildConfiguration section */
		DEC5188029EF744B00BF7535 /* Debug */ = {
			isa = XCBuildConfiguration;
			buildSettings = {
				ALWAYS_SEARCH_USER_PATHS = NO;
				CLANG_ANALYZER_NONNULL = YES;
				CLANG_ANALYZER_NUMBER_OBJECT_CONVERSION = YES_AGGRESSIVE;
				CLANG_CXX_LANGUAGE_STANDARD = "gnu++20";
				CLANG_ENABLE_MODULES = YES;
				CLANG_ENABLE_OBJC_ARC = YES;
				CLANG_ENABLE_OBJC_WEAK = YES;
				CLANG_WARN_BLOCK_CAPTURE_AUTORELEASING = YES;
				CLANG_WARN_BOOL_CONVERSION = YES;
				CLANG_WARN_COMMA = YES;
				CLANG_WARN_CONSTANT_CONVERSION = YES;
				CLANG_WARN_DEPRECATED_OBJC_IMPLEMENTATIONS = YES;
				CLANG_WARN_DIRECT_OBJC_ISA_USAGE = YES_ERROR;
				CLANG_WARN_DOCUMENTATION_COMMENTS = YES;
				CLANG_WARN_EMPTY_BODY = YES;
				CLANG_WARN_ENUM_CONVERSION = YES;
				CLANG_WARN_INFINITE_RECURSION = YES;
				CLANG_WARN_INT_CONVERSION = YES;
				CLANG_WARN_NON_LITERAL_NULL_CONVERSION = YES;
				CLANG_WARN_OBJC_IMPLICIT_RETAIN_SELF = YES;
				CLANG_WARN_OBJC_LITERAL_CONVERSION = YES;
				CLANG_WARN_OBJC_ROOT_CLASS = YES_ERROR;
				CLANG_WARN_QUOTED_INCLUDE_IN_FRAMEWORK_HEADER = YES;
				CLANG_WARN_RANGE_LOOP_ANALYSIS = YES;
				CLANG_WARN_STRICT_PROTOTYPES = YES;
				CLANG_WARN_SUSPICIOUS_MOVE = YES;
				CLANG_WARN_UNGUARDED_AVAILABILITY = YES_AGGRESSIVE;
				CLANG_WARN_UNREACHABLE_CODE = YES;
				CLANG_WARN__DUPLICATE_METHOD_MATCH = YES;
				COPY_PHASE_STRIP = NO;
				DEBUG_INFORMATION_FORMAT = dwarf;
				ENABLE_STRICT_OBJC_MSGSEND = YES;
				ENABLE_TESTABILITY = YES;
				GCC_C_LANGUAGE_STANDARD = gnu11;
				GCC_DYNAMIC_NO_PIC = NO;
				GCC_NO_COMMON_BLOCKS = YES;
				GCC_OPTIMIZATION_LEVEL = 0;
				GCC_PREPROCESSOR_DEFINITIONS = (
					"DEBUG=1",
					"$(inherited)",
				);
				GCC_WARN_64_TO_32_BIT_CONVERSION = YES;
				GCC_WARN_ABOUT_RETURN_TYPE = YES_ERROR;
				GCC_WARN_UNDECLARED_SELECTOR = YES;
				GCC_WARN_UNINITIALIZED_AUTOS = YES_AGGRESSIVE;
				GCC_WARN_UNUSED_FUNCTION = YES;
				GCC_WARN_UNUSED_VARIABLE = YES;
				IPHONEOS_DEPLOYMENT_TARGET = 16.2;
				MTL_ENABLE_DEBUG_INFO = INCLUDE_SOURCE;
				MTL_FAST_MATH = YES;
				ONLY_ACTIVE_ARCH = YES;
				SDKROOT = iphoneos;
				SWIFT_ACTIVE_COMPILATION_CONDITIONS = DEBUG;
				SWIFT_OPTIMIZATION_LEVEL = "-Onone";
			};
			name = Debug;
		};
		DEC5188129EF744B00BF7535 /* Release */ = {
			isa = XCBuildConfiguration;
			buildSettings = {
				ALWAYS_SEARCH_USER_PATHS = NO;
				CLANG_ANALYZER_NONNULL = YES;
				CLANG_ANALYZER_NUMBER_OBJECT_CONVERSION = YES_AGGRESSIVE;
				CLANG_CXX_LANGUAGE_STANDARD = "gnu++20";
				CLANG_ENABLE_MODULES = YES;
				CLANG_ENABLE_OBJC_ARC = YES;
				CLANG_ENABLE_OBJC_WEAK = YES;
				CLANG_WARN_BLOCK_CAPTURE_AUTORELEASING = YES;
				CLANG_WARN_BOOL_CONVERSION = YES;
				CLANG_WARN_COMMA = YES;
				CLANG_WARN_CONSTANT_CONVERSION = YES;
				CLANG_WARN_DEPRECATED_OBJC_IMPLEMENTATIONS = YES;
				CLANG_WARN_DIRECT_OBJC_ISA_USAGE = YES_ERROR;
				CLANG_WARN_DOCUMENTATION_COMMENTS = YES;
				CLANG_WARN_EMPTY_BODY = YES;
				CLANG_WARN_ENUM_CONVERSION = YES;
				CLANG_WARN_INFINITE_RECURSION = YES;
				CLANG_WARN_INT_CONVERSION = YES;
				CLANG_WARN_NON_LITERAL_NULL_CONVERSION = YES;
				CLANG_WARN_OBJC_IMPLICIT_RETAIN_SELF = YES;
				CLANG_WARN_OBJC_LITERAL_CONVERSION = YES;
				CLANG_WARN_OBJC_ROOT_CLASS = YES_ERROR;
				CLANG_WARN_QUOTED_INCLUDE_IN_FRAMEWORK_HEADER = YES;
				CLANG_WARN_RANGE_LOOP_ANALYSIS = YES;
				CLANG_WARN_STRICT_PROTOTYPES = YES;
				CLANG_WARN_SUSPICIOUS_MOVE = YES;
				CLANG_WARN_UNGUARDED_AVAILABILITY = YES_AGGRESSIVE;
				CLANG_WARN_UNREACHABLE_CODE = YES;
				CLANG_WARN__DUPLICATE_METHOD_MATCH = YES;
				COPY_PHASE_STRIP = NO;
				DEBUG_INFORMATION_FORMAT = "dwarf-with-dsym";
				ENABLE_NS_ASSERTIONS = NO;
				ENABLE_STRICT_OBJC_MSGSEND = YES;
				GCC_C_LANGUAGE_STANDARD = gnu11;
				GCC_NO_COMMON_BLOCKS = YES;
				GCC_WARN_64_TO_32_BIT_CONVERSION = YES;
				GCC_WARN_ABOUT_RETURN_TYPE = YES_ERROR;
				GCC_WARN_UNDECLARED_SELECTOR = YES;
				GCC_WARN_UNINITIALIZED_AUTOS = YES_AGGRESSIVE;
				GCC_WARN_UNUSED_FUNCTION = YES;
				GCC_WARN_UNUSED_VARIABLE = YES;
				IPHONEOS_DEPLOYMENT_TARGET = 16.2;
				MTL_ENABLE_DEBUG_INFO = NO;
				MTL_FAST_MATH = YES;
				SDKROOT = iphoneos;
				SWIFT_COMPILATION_MODE = wholemodule;
				SWIFT_OPTIMIZATION_LEVEL = "-O";
				VALIDATE_PRODUCT = YES;
			};
			name = Release;
		};
		DEC5188329EF744B00BF7535 /* Debug */ = {
			isa = XCBuildConfiguration;
			buildSettings = {
				ASSETCATALOG_COMPILER_APPICON_NAME = AppIcon;
				ASSETCATALOG_COMPILER_GLOBAL_ACCENT_COLOR_NAME = AccentColor;
				CODE_SIGN_STYLE = Automatic;
				CURRENT_PROJECT_VERSION = 1;
				DEVELOPMENT_ASSET_PATHS = "\"MemoSimon/Preview Content\"";
				DEVELOPMENT_TEAM = B8CFMG9SS9;
				ENABLE_PREVIEWS = YES;
				GENERATE_INFOPLIST_FILE = YES;
				INFOPLIST_KEY_UIApplicationSceneManifest_Generation = YES;
				INFOPLIST_KEY_UIApplicationSupportsIndirectInputEvents = YES;
				INFOPLIST_KEY_UILaunchScreen_Generation = YES;
				INFOPLIST_KEY_UISupportedInterfaceOrientations_iPad = "UIInterfaceOrientationPortrait UIInterfaceOrientationPortraitUpsideDown UIInterfaceOrientationLandscapeLeft UIInterfaceOrientationLandscapeRight";
				INFOPLIST_KEY_UISupportedInterfaceOrientations_iPhone = "UIInterfaceOrientationPortrait UIInterfaceOrientationLandscapeLeft UIInterfaceOrientationLandscapeRight";
				LD_RUNPATH_SEARCH_PATHS = (
					"$(inherited)",
					"@executable_path/Frameworks",
				);
				MARKETING_VERSION = 1.0;
				PRODUCT_BUNDLE_IDENTIFIER = TC.MemoSimon;
				PRODUCT_NAME = "$(TARGET_NAME)";
				SWIFT_EMIT_LOC_STRINGS = YES;
				SWIFT_VERSION = 5.0;
				TARGETED_DEVICE_FAMILY = "1,2";
			};
			name = Debug;
		};
		DEC5188429EF744B00BF7535 /* Release */ = {
			isa = XCBuildConfiguration;
			buildSettings = {
				ASSETCATALOG_COMPILER_APPICON_NAME = AppIcon;
				ASSETCATALOG_COMPILER_GLOBAL_ACCENT_COLOR_NAME = AccentColor;
				CODE_SIGN_STYLE = Automatic;
				CURRENT_PROJECT_VERSION = 1;
				DEVELOPMENT_ASSET_PATHS = "\"MemoSimon/Preview Content\"";
				DEVELOPMENT_TEAM = B8CFMG9SS9;
				ENABLE_PREVIEWS = YES;
				GENERATE_INFOPLIST_FILE = YES;
				INFOPLIST_KEY_UIApplicationSceneManifest_Generation = YES;
				INFOPLIST_KEY_UIApplicationSupportsIndirectInputEvents = YES;
				INFOPLIST_KEY_UILaunchScreen_Generation = YES;
				INFOPLIST_KEY_UISupportedInterfaceOrientations_iPad = "UIInterfaceOrientationPortrait UIInterfaceOrientationPortraitUpsideDown UIInterfaceOrientationLandscapeLeft UIInterfaceOrientationLandscapeRight";
				INFOPLIST_KEY_UISupportedInterfaceOrientations_iPhone = "UIInterfaceOrientationPortrait UIInterfaceOrientationLandscapeLeft UIInterfaceOrientationLandscapeRight";
				LD_RUNPATH_SEARCH_PATHS = (
					"$(inherited)",
					"@executable_path/Frameworks",
				);
				MARKETING_VERSION = 1.0;
				PRODUCT_BUNDLE_IDENTIFIER = TC.MemoSimon;
				PRODUCT_NAME = "$(TARGET_NAME)";
				SWIFT_EMIT_LOC_STRINGS = YES;
				SWIFT_VERSION = 5.0;
				TARGETED_DEVICE_FAMILY = "1,2";
			};
			name = Release;
		};
		DEC5188629EF744B00BF7535 /* Debug */ = {
			isa = XCBuildConfiguration;
			buildSettings = {
				ALWAYS_EMBED_SWIFT_STANDARD_LIBRARIES = YES;
				BUNDLE_LOADER = "$(TEST_HOST)";
				CODE_SIGN_STYLE = Automatic;
				CURRENT_PROJECT_VERSION = 1;
				DEVELOPMENT_TEAM = B8CFMG9SS9;
				GENERATE_INFOPLIST_FILE = YES;
				IPHONEOS_DEPLOYMENT_TARGET = 16.2;
				MARKETING_VERSION = 1.0;
				PRODUCT_BUNDLE_IDENTIFIER = TC.MemoSimonTests;
				PRODUCT_NAME = "$(TARGET_NAME)";
				SWIFT_EMIT_LOC_STRINGS = NO;
				SWIFT_VERSION = 5.0;
				TARGETED_DEVICE_FAMILY = "1,2";
				TEST_HOST = "$(BUILT_PRODUCTS_DIR)/MemoSimon.app/$(BUNDLE_EXECUTABLE_FOLDER_PATH)/MemoSimon";
			};
			name = Debug;
		};
		DEC5188729EF744B00BF7535 /* Release */ = {
			isa = XCBuildConfiguration;
			buildSettings = {
				ALWAYS_EMBED_SWIFT_STANDARD_LIBRARIES = YES;
				BUNDLE_LOADER = "$(TEST_HOST)";
				CODE_SIGN_STYLE = Automatic;
				CURRENT_PROJECT_VERSION = 1;
				DEVELOPMENT_TEAM = B8CFMG9SS9;
				GENERATE_INFOPLIST_FILE = YES;
				IPHONEOS_DEPLOYMENT_TARGET = 16.2;
				MARKETING_VERSION = 1.0;
				PRODUCT_BUNDLE_IDENTIFIER = TC.MemoSimonTests;
				PRODUCT_NAME = "$(TARGET_NAME)";
				SWIFT_EMIT_LOC_STRINGS = NO;
				SWIFT_VERSION = 5.0;
				TARGETED_DEVICE_FAMILY = "1,2";
				TEST_HOST = "$(BUILT_PRODUCTS_DIR)/MemoSimon.app/$(BUNDLE_EXECUTABLE_FOLDER_PATH)/MemoSimon";
			};
			name = Release;
		};
		DEC5188929EF744B00BF7535 /* Debug */ = {
			isa = XCBuildConfiguration;
			buildSettings = {
				ALWAYS_EMBED_SWIFT_STANDARD_LIBRARIES = YES;
				CODE_SIGN_STYLE = Automatic;
				CURRENT_PROJECT_VERSION = 1;
				DEVELOPMENT_TEAM = B8CFMG9SS9;
				GENERATE_INFOPLIST_FILE = YES;
				MARKETING_VERSION = 1.0;
				PRODUCT_BUNDLE_IDENTIFIER = TC.MemoSimonUITests;
				PRODUCT_NAME = "$(TARGET_NAME)";
				SWIFT_EMIT_LOC_STRINGS = NO;
				SWIFT_VERSION = 5.0;
				TARGETED_DEVICE_FAMILY = "1,2";
				TEST_TARGET_NAME = MemoSimon;
			};
			name = Debug;
		};
		DEC5188A29EF744B00BF7535 /* Release */ = {
			isa = XCBuildConfiguration;
			buildSettings = {
				ALWAYS_EMBED_SWIFT_STANDARD_LIBRARIES = YES;
				CODE_SIGN_STYLE = Automatic;
				CURRENT_PROJECT_VERSION = 1;
				DEVELOPMENT_TEAM = B8CFMG9SS9;
				GENERATE_INFOPLIST_FILE = YES;
				MARKETING_VERSION = 1.0;
				PRODUCT_BUNDLE_IDENTIFIER = TC.MemoSimonUITests;
				PRODUCT_NAME = "$(TARGET_NAME)";
				SWIFT_EMIT_LOC_STRINGS = NO;
				SWIFT_VERSION = 5.0;
				TARGETED_DEVICE_FAMILY = "1,2";
				TEST_TARGET_NAME = MemoSimon;
			};
			name = Release;
		};
/* End XCBuildConfiguration section */

/* Begin XCConfigurationList section */
		DEC5185929EF744A00BF7535 /* Build configuration list for PBXProject "MemoSimon" */ = {
			isa = XCConfigurationList;
			buildConfigurations = (
				DEC5188029EF744B00BF7535 /* Debug */,
				DEC5188129EF744B00BF7535 /* Release */,
			);
			defaultConfigurationIsVisible = 0;
			defaultConfigurationName = Release;
		};
		DEC5188229EF744B00BF7535 /* Build configuration list for PBXNativeTarget "MemoSimon" */ = {
			isa = XCConfigurationList;
			buildConfigurations = (
				DEC5188329EF744B00BF7535 /* Debug */,
				DEC5188429EF744B00BF7535 /* Release */,
			);
			defaultConfigurationIsVisible = 0;
			defaultConfigurationName = Release;
		};
		DEC5188529EF744B00BF7535 /* Build configuration list for PBXNativeTarget "MemoSimonTests" */ = {
			isa = XCConfigurationList;
			buildConfigurations = (
				DEC5188629EF744B00BF7535 /* Debug */,
				DEC5188729EF744B00BF7535 /* Release */,
			);
			defaultConfigurationIsVisible = 0;
			defaultConfigurationName = Release;
		};
		DEC5188829EF744B00BF7535 /* Build configuration list for PBXNativeTarget "MemoSimonUITests" */ = {
			isa = XCConfigurationList;
			buildConfigurations = (
				DEC5188929EF744B00BF7535 /* Debug */,
				DEC5188A29EF744B00BF7535 /* Release */,
			);
			defaultConfigurationIsVisible = 0;
			defaultConfigurationName = Release;
		};
/* End XCConfigurationList section */
	};
	rootObject = DEC5185629EF744A00BF7535 /* Project object */;
}
